
Microsoft Visual Studio Solution File, Format Version 12.00
# Visual Studio Version 16
VisualStudioVersion = 16.0.29215.179
MinimumVisualStudioVersion = 10.0.40219.1
Project("{FAE04EC0-301F-11D3-BF4B-00C04F79EFBC}") = "ReactPeopleBasic", "ReactPeopleBasic\ReactPeopleBasic.csproj", "{BDB2589B-19F8-4769-9ADD-C7FCFB994643}"
EndProject
Global
	GlobalSection(SolutionConfigurationPlatforms) = preSolution
		Debug|Any CPU = Debug|Any CPU
		Release|Any CPU = Release|Any CPU
	EndGlobalSection
	GlobalSection(ProjectConfigurationPlatforms) = postSolution
		{BDB2589B-19F8-4769-9ADD-C7FCFB994643}.Debug|Any CPU.ActiveCfg = Debug|Any CPU
		{BDB2589B-19F8-4769-9ADD-C7FCFB994643}.Debug|Any CPU.Build.0 = Debug|Any CPU
		{BDB2589B-19F8-4769-9ADD-C7FCFB994643}.Release|Any CPU.ActiveCfg = Release|Any CPU
		{BDB2589B-19F8-4769-9ADD-C7FCFB994643}.Release|Any CPU.Build.0 = Release|Any CPU
	EndGlobalSection
	GlobalSection(SolutionProperties) = preSolution
		HideSolutionNode = FALSE
	EndGlobalSection
	GlobalSection(ExtensibilityGlobals) = postSolution
		SolutionGuid = {1ABDFFFE-76F5-4890-AC62-792C15764934}
	EndGlobalSection
EndGlobal
